
Microsoft Visual Studio Solution File, Format Version 12.00
Project("{FAE04EC0-301F-11D3-BF4B-00C04F79EFBC}") = "TicketSystemApplication", "TicketSystemApplication\TicketSystemApplication.csproj", "{E0BAA6B1-C03C-4272-A4ED-903DDFF6EF3D}"
EndProject
Global
	GlobalSection(SolutionConfigurationPlatforms) = preSolution
		Debug|Any CPU = Debug|Any CPU
		Release|Any CPU = Release|Any CPU
	EndGlobalSection
	GlobalSection(ProjectConfigurationPlatforms) = postSolution
		{E0BAA6B1-C03C-4272-A4ED-903DDFF6EF3D}.Debug|Any CPU.ActiveCfg = Debug|Any CPU
		{E0BAA6B1-C03C-4272-A4ED-903DDFF6EF3D}.Debug|Any CPU.Build.0 = Debug|Any CPU
		{E0BAA6B1-C03C-4272-A4ED-903DDFF6EF3D}.Release|Any CPU.ActiveCfg = Release|Any CPU
		{E0BAA6B1-C03C-4272-A4ED-903DDFF6EF3D}.Release|Any CPU.Build.0 = Release|Any CPU
	EndGlobalSection
EndGlobal
